
Microsoft Visual Studio Solution File, Format Version 11.00
# Visual Studio 2010
Project("{8BC9CEB8-8B4A-11D0-8D11-00A0C91BC942}") = "win32Dll", "win32Dll\win32Dll.vcxproj", "{D3E9EA91-6727-4003-B877-BBDC3FB56657}"
EndProject
Project("{8BC9CEB8-8B4A-11D0-8D11-00A0C91BC942}") = "testOCI", "testOCI\testOCI.vcxproj", "{1173986A-B0FE-4612-BA9C-348D3E7BB01C}"
EndProject
Project("{8BC9CEB8-8B4A-11D0-8D11-00A0C91BC942}") = "win32Dll2", "win32Dll2\win32Dll2.vcxproj", "{095BC7F7-D6B7-459D-B434-305C3D238B77}"
EndProject
Global
	GlobalSection(SolutionConfigurationPlatforms) = preSolution
		Debug|Win32 = Debug|Win32
		Debug|x64 = Debug|x64
		Release|Win32 = Release|Win32
		Release|x64 = Release|x64
	EndGlobalSection
	GlobalSection(ProjectConfigurationPlatforms) = postSolution
		{D3E9EA91-6727-4003-B877-BBDC3FB56657}.Debug|Win32.ActiveCfg = Debug|x64
		{D3E9EA91-6727-4003-B877-BBDC3FB56657}.Debug|Win32.Build.0 = Debug|x64
		{D3E9EA91-6727-4003-B877-BBDC3FB56657}.Debug|x64.ActiveCfg = Debug|x64
		{D3E9EA91-6727-4003-B877-BBDC3FB56657}.Debug|x64.Build.0 = Debug|x64
		{D3E9EA91-6727-4003-B877-BBDC3FB56657}.Release|Win32.ActiveCfg = Release|Win32
		{D3E9EA91-6727-4003-B877-BBDC3FB56657}.Release|Win32.Build.0 = Release|Win32
		{D3E9EA91-6727-4003-B877-BBDC3FB56657}.Release|x64.ActiveCfg = Release|x64
		{D3E9EA91-6727-4003-B877-BBDC3FB56657}.Release|x64.Build.0 = Release|x64
		{1173986A-B0FE-4612-BA9C-348D3E7BB01C}.Debug|Win32.ActiveCfg = Debug|x64
		{1173986A-B0FE-4612-BA9C-348D3E7BB01C}.Debug|Win32.Build.0 = Debug|x64
		{1173986A-B0FE-4612-BA9C-348D3E7BB01C}.Debug|x64.ActiveCfg = Debug|Win32
		{1173986A-B0FE-4612-BA9C-348D3E7BB01C}.Release|Win32.ActiveCfg = Release|Win32
		{1173986A-B0FE-4612-BA9C-348D3E7BB01C}.Release|Win32.Build.0 = Release|Win32
		{1173986A-B0FE-4612-BA9C-348D3E7BB01C}.Release|x64.ActiveCfg = Release|Win32
		{095BC7F7-D6B7-459D-B434-305C3D238B77}.Debug|Win32.ActiveCfg = Debug|x64
		{095BC7F7-D6B7-459D-B434-305C3D238B77}.Debug|Win32.Build.0 = Debug|x64
		{095BC7F7-D6B7-459D-B434-305C3D238B77}.Debug|x64.ActiveCfg = Debug|Win32
		{095BC7F7-D6B7-459D-B434-305C3D238B77}.Release|Win32.ActiveCfg = Release|Win32
		{095BC7F7-D6B7-459D-B434-305C3D238B77}.Release|Win32.Build.0 = Release|Win32
		{095BC7F7-D6B7-459D-B434-305C3D238B77}.Release|x64.ActiveCfg = Release|Win32
	EndGlobalSection
	GlobalSection(SolutionProperties) = preSolution
		HideSolutionNode = FALSE
	EndGlobalSection
EndGlobal
